github.com/i9si-sistemas/assert v0.0.0-20241226143514-2239efdffece h1:dXX3IVWmQl4sRUpBPR0VaD4ev70lbK00a4gt/VZZHIA=
github.com/i9si-sistemas/assert v0.0.0-20241226143514-2239efdffece/go.mod h1:xRwY4u6NZZjNLlgdBSaNESQEUSJ4CxuT4lWQAbvwfBQ=
github.com/i9si-sistemas/bitset v0.0.0-20250425133431-3da544fa4231 h1:79Hr4RvaooVFUVSKaOUTLKObBLz7mveOsqaHHF3ab6w=
github.com/i9si-sistemas/bitset v0.0.0-20250425133431-3da544fa4231/go.mod h1:nW81cKCAktXODdl1qLRXERRcUx5S8F1zqVyquEDDIi0=
github.com/i9si-sistemas/crc-16 v0.0.0-20250429122243-06c78dd97aa9 h1:0tdwCdigH/XdILCbiQlEA1nBccC4HmiiFjHyk4pX0ME=
github.com/i9si-sistemas/crc-16 v0.0.0-20250429122243-06c78dd97aa9/go.mod h1:Nts2eGzegmFwMiX2oGK2HPVd70cWhJyx60S2BWOU9uo=
github.com/i9si-sistemas/nine v0.0.0-20250429142101-1d42a9fbc275 h1:C76EzL1lvdDcCA2mY6MbB7CAZygEneq1EpcX/xpQt+s=
github.com/i9si-sistemas/nine v0.0.0-20250429142101-1d42a9fbc275/go.mod h1:IRW/TkC7ZqmltMkamaGreVlRCadPYHgcluQEJgcaAHs=
github.com/i9si-sistemas/pix v0.0.0-20250430185635-8adb310675cf h1:hK9q/LdjAQhkbWW/307NKHag3lG0VICHv/95Bnw7L68=
github.com/i9si-sistemas/pix v0.0.0-20250430185635-8adb310675cf/go.mod h1:X1ot+f4U98/D09iNo8p4VXI1W6geUxhzbR0KBIoG194=
github.com/i9si-sistemas/qrcode v0.0.0-20250430181842-50929d6875df h1:+JnXTw8G/jPyn6Pvi+Yx2BIbmqVskv60ffRfBlMXC+s=
github.com/i9si-sistemas/qrcode v0.0.0-20250430181842-50929d6875df/go.mod h1:arcsJZuB7N35N7Hw+Uik+fEFo8Z437cnehbzYT19cic=
github.com/i9si-sistemas/reedsolomon v0.0.0-20250425143232-90e93d3e9b7e h1:9S+Bo4KjoYOThCj51AOs4DjqfEsOhE2zNZuBavsG84E=
github.com/i9si-sistemas/reedsolomon v0.0.0-20250425143232-90e93d3e9b7e/go.mod h1:adoLIZwaZRCQuRVyCMrnZqKGPgL76RxXry6/RlUPd6E=
